
Microsoft Visual Studio Solution File, Format Version 12.00
Project("{FAE04EC0-301F-11D3-BF4B-00C04F79EFBC}") = "AudioAPI", "AudioAPI\AudioAPI.csproj", "{D30F207C-C944-4184-AFB1-DAD251013998}"
EndProject
Global
	GlobalSection(SolutionConfigurationPlatforms) = preSolution
		Debug|Any CPU = Debug|Any CPU
		Release|Any CPU = Release|Any CPU
	EndGlobalSection
	GlobalSection(ProjectConfigurationPlatforms) = postSolution
		{D30F207C-C944-4184-AFB1-DAD251013998}.Debug|Any CPU.ActiveCfg = Debug|Any CPU
		{D30F207C-C944-4184-AFB1-DAD251013998}.Debug|Any CPU.Build.0 = Debug|Any CPU
		{D30F207C-C944-4184-AFB1-DAD251013998}.Release|Any CPU.ActiveCfg = Release|Any CPU
		{D30F207C-C944-4184-AFB1-DAD251013998}.Release|Any CPU.Build.0 = Release|Any CPU
	EndGlobalSection
EndGlobal
